
Microsoft Visual Studio Solution File, Format Version 10.00
# Visual Studio 2008
Project("{8BC9CEB8-8B4A-11D0-8D11-00A0C91BC942}") = "coverage_test", "coverage_test\coverage_test.vcproj", "{14517299-6078-47A3-A8D4-E011CB41D59F}"
EndProject
Global
	GlobalSection(SolutionConfigurationPlatforms) = preSolution
		Debug|Win32 = Debug|Win32
		Release|Win32 = Release|Win32
	EndGlobalSection
	GlobalSection(ProjectConfigurationPlatforms) = postSolution
		{14517299-6078-47A3-A8D4-E011CB41D59F}.Debug|Win32.ActiveCfg = Debug|Win32
		{14517299-6078-47A3-A8D4-E011CB41D59F}.Debug|Win32.Build.0 = Debug|Win32
		{14517299-6078-47A3-A8D4-E011CB41D59F}.Release|Win32.ActiveCfg = Release|Win32
		{14517299-6078-47A3-A8D4-E011CB41D59F}.Release|Win32.Build.0 = Release|Win32
	EndGlobalSection
	GlobalSection(SolutionProperties) = preSolution
		HideSolutionNode = FALSE
	EndGlobalSection
EndGlobal
